
Microsoft Visual Studio Solution File, Format Version 12.00
Project("{FAE04EC0-301F-11D3-BF4B-00C04F79EFBC}") = "VerticalSlice", "app/VerticalSlice.csproj", "{AEA4CC36-2379-40AE-BD95-158134C72D0A}"
EndProject
Project("{2150E333-8FDC-42A3-9474-1A3956D46DE8}") = "Solution Items", "Solution Items", "{3D757C0A-5F0F-4EC4-87B7-74E48B61D248}"
	ProjectSection(SolutionItems) = preProject
		compose.yaml = app/compose.yaml
	EndProjectSection
EndProject
Project("{FAE04EC0-301F-11D3-BF4B-00C04F79EFBC}") = "Tests", "Tests\Tests.csproj", "{838C36E3-74C3-4BE1-957A-E7166D9173E7}"
EndProject
Global
	GlobalSection(SolutionConfigurationPlatforms) = preSolution
		Debug|Any CPU = Debug|Any CPU
		Release|Any CPU = Release|Any CPU
	EndGlobalSection
	GlobalSection(ProjectConfigurationPlatforms) = postSolution
		{AEA4CC36-2379-40AE-BD95-158134C72D0A}.Debug|Any CPU.ActiveCfg = Debug|Any CPU
		{AEA4CC36-2379-40AE-BD95-158134C72D0A}.Debug|Any CPU.Build.0 = Debug|Any CPU
		{AEA4CC36-2379-40AE-BD95-158134C72D0A}.Release|Any CPU.ActiveCfg = Release|Any CPU
		{AEA4CC36-2379-40AE-BD95-158134C72D0A}.Release|Any CPU.Build.0 = Release|Any CPU
		{838C36E3-74C3-4BE1-957A-E7166D9173E7}.Debug|Any CPU.ActiveCfg = Debug|Any CPU
		{838C36E3-74C3-4BE1-957A-E7166D9173E7}.Debug|Any CPU.Build.0 = Debug|Any CPU
		{838C36E3-74C3-4BE1-957A-E7166D9173E7}.Release|Any CPU.ActiveCfg = Release|Any CPU
		{838C36E3-74C3-4BE1-957A-E7166D9173E7}.Release|Any CPU.Build.0 = Release|Any CPU
	EndGlobalSection
EndGlobal
